
Microsoft Visual Studio Solution File, Format Version 12.00
# Visual Studio Version 17
VisualStudioVersion = 17.0.31611.283
MinimumVisualStudioVersion = 10.0.40219.1
Project("{9A19103F-16F7-4668-BE54-9A1E7A4F7556}") = "MauiApp1", "MauiApp1\MauiApp1.csproj", "{393BC6B6-A7E3-432C-9EDB-A85C40D46B22}"
EndProject
Project("{FAE04EC0-301F-11D3-BF4B-00C04F79EFBC}") = "MauiLib1", "MauiLib1\MauiLib1.csproj", "{267BF61F-EB38-4820-A78B-F7375AF85888}"
EndProject
Global
	GlobalSection(SolutionConfigurationPlatforms) = preSolution
		Debug|Any CPU = Debug|Any CPU
		Release|Any CPU = Release|Any CPU
	EndGlobalSection
	GlobalSection(ProjectConfigurationPlatforms) = postSolution
		{393BC6B6-A7E3-432C-9EDB-A85C40D46B22}.Debug|Any CPU.ActiveCfg = Debug|Any CPU
		{393BC6B6-A7E3-432C-9EDB-A85C40D46B22}.Debug|Any CPU.Build.0 = Debug|Any CPU
		{393BC6B6-A7E3-432C-9EDB-A85C40D46B22}.Debug|Any CPU.Deploy.0 = Debug|Any CPU
		{393BC6B6-A7E3-432C-9EDB-A85C40D46B22}.Release|Any CPU.ActiveCfg = Release|Any CPU
		{393BC6B6-A7E3-432C-9EDB-A85C40D46B22}.Release|Any CPU.Build.0 = Release|Any CPU
		{393BC6B6-A7E3-432C-9EDB-A85C40D46B22}.Release|Any CPU.Deploy.0 = Release|Any CPU
		{267BF61F-EB38-4820-A78B-F7375AF85888}.Debug|Any CPU.ActiveCfg = Debug|Any CPU
		{267BF61F-EB38-4820-A78B-F7375AF85888}.Debug|Any CPU.Build.0 = Debug|Any CPU
		{267BF61F-EB38-4820-A78B-F7375AF85888}.Release|Any CPU.ActiveCfg = Release|Any CPU
		{267BF61F-EB38-4820-A78B-F7375AF85888}.Release|Any CPU.Build.0 = Release|Any CPU
	EndGlobalSection
	GlobalSection(SolutionProperties) = preSolution
		HideSolutionNode = FALSE
	EndGlobalSection
	GlobalSection(ExtensibilityGlobals) = postSolution
		SolutionGuid = {61F7FB11-1E47-470C-91E2-47F8143E1572}
	EndGlobalSection
EndGlobal
