
Microsoft Visual Studio Solution File, Format Version 12.00
# Visual Studio Version 17
VisualStudioVersion = 17.4.33122.133
MinimumVisualStudioVersion = 10.0.40219.1
Project("{9A19103F-16F7-4668-BE54-9A1E7A4F7556}") = "HW.DevelopTool", "HW.DevelopTool\HW.DevelopTool.csproj", "{AD7A5B9E-FA0A-477E-8B1F-9CC975FA83B5}"
EndProject
Project("{9A19103F-16F7-4668-BE54-9A1E7A4F7556}") = "HW.Tool.Common", "HW.Tool.Common\HW.Tool.Common.csproj", "{FDA6901B-4479-465F-B502-74A6697A5DD8}"
EndProject
Project("{9A19103F-16F7-4668-BE54-9A1E7A4F7556}") = "HW.Tool.Data", "HW.Tool.Data\HW.Tool.Data.csproj", "{ADD4207D-062A-44B1-8665-3DD119F72A46}"
EndProject
Project("{2150E333-8FDC-42A3-9474-1A3956D46DE8}") = "功能模块", "功能模块", "{74F128A5-8F24-41A7-B2EC-CB3FFAB0E22F}"
EndProject
Project("{9A19103F-16F7-4668-BE54-9A1E7A4F7556}") = "HW.PullFTPFile", "HW.PullFTPFile\HW.PullFTPFile.csproj", "{FFD1ECF0-2085-414D-8CFF-CBF5213B6313}"
EndProject
Project("{2150E333-8FDC-42A3-9474-1A3956D46DE8}") = "Solution Items", "Solution Items", "{DB9A5AC1-EBF5-4894-A21C-83F1CF160267}"
	ProjectSection(SolutionItems) = preProject
		HW.PullFTPFile.md = HW.PullFTPFile.md
		README.MD = README.MD
	EndProjectSection
EndProject
Project("{2150E333-8FDC-42A3-9474-1A3956D46DE8}") = "ZRQ.UI", "ZRQ.UI", "{B3A8AF83-1A97-480B-B1B6-DB5DBE9EAE49}"
EndProject
Project("{D954291E-2A0B-460D-934E-DC6B0785DB48}") = "ZRQ.UI.Share", "..\..\..\ZRQ.UI\ZRQ.UI.Share\ZRQ.UI.Share.shproj", "{DBAC908E-1781-40FE-B7E5-2A869E4C322C}"
EndProject
Project("{9A19103F-16F7-4668-BE54-9A1E7A4F7556}") = "ZRQ.UI", "..\..\..\ZRQ.UI\ZRQ.UI\ZRQ.UI.csproj", "{F37D2C8E-088E-4031-9A50-9A0E9B39F823}"
EndProject
Global
	GlobalSection(SolutionConfigurationPlatforms) = preSolution
		Debug|Any CPU = Debug|Any CPU
		Release|Any CPU = Release|Any CPU
	EndGlobalSection
	GlobalSection(ProjectConfigurationPlatforms) = postSolution
		{AD7A5B9E-FA0A-477E-8B1F-9CC975FA83B5}.Debug|Any CPU.ActiveCfg = Debug|Any CPU
		{AD7A5B9E-FA0A-477E-8B1F-9CC975FA83B5}.Debug|Any CPU.Build.0 = Debug|Any CPU
		{AD7A5B9E-FA0A-477E-8B1F-9CC975FA83B5}.Release|Any CPU.ActiveCfg = Release|Any CPU
		{AD7A5B9E-FA0A-477E-8B1F-9CC975FA83B5}.Release|Any CPU.Build.0 = Release|Any CPU
		{FDA6901B-4479-465F-B502-74A6697A5DD8}.Debug|Any CPU.ActiveCfg = Debug|Any CPU
		{FDA6901B-4479-465F-B502-74A6697A5DD8}.Debug|Any CPU.Build.0 = Debug|Any CPU
		{FDA6901B-4479-465F-B502-74A6697A5DD8}.Release|Any CPU.ActiveCfg = Release|Any CPU
		{FDA6901B-4479-465F-B502-74A6697A5DD8}.Release|Any CPU.Build.0 = Release|Any CPU
		{ADD4207D-062A-44B1-8665-3DD119F72A46}.Debug|Any CPU.ActiveCfg = Debug|Any CPU
		{ADD4207D-062A-44B1-8665-3DD119F72A46}.Debug|Any CPU.Build.0 = Debug|Any CPU
		{ADD4207D-062A-44B1-8665-3DD119F72A46}.Release|Any CPU.ActiveCfg = Release|Any CPU
		{ADD4207D-062A-44B1-8665-3DD119F72A46}.Release|Any CPU.Build.0 = Release|Any CPU
		{FFD1ECF0-2085-414D-8CFF-CBF5213B6313}.Debug|Any CPU.ActiveCfg = Debug|Any CPU
		{FFD1ECF0-2085-414D-8CFF-CBF5213B6313}.Debug|Any CPU.Build.0 = Debug|Any CPU
		{FFD1ECF0-2085-414D-8CFF-CBF5213B6313}.Release|Any CPU.ActiveCfg = Release|Any CPU
		{FFD1ECF0-2085-414D-8CFF-CBF5213B6313}.Release|Any CPU.Build.0 = Release|Any CPU
		{F37D2C8E-088E-4031-9A50-9A0E9B39F823}.Debug|Any CPU.ActiveCfg = Debug|Any CPU
		{F37D2C8E-088E-4031-9A50-9A0E9B39F823}.Debug|Any CPU.Build.0 = Debug|Any CPU
		{F37D2C8E-088E-4031-9A50-9A0E9B39F823}.Release|Any CPU.ActiveCfg = Release|Any CPU
		{F37D2C8E-088E-4031-9A50-9A0E9B39F823}.Release|Any CPU.Build.0 = Release|Any CPU
	EndGlobalSection
	GlobalSection(SolutionProperties) = preSolution
		HideSolutionNode = FALSE
	EndGlobalSection
	GlobalSection(NestedProjects) = preSolution
		{FFD1ECF0-2085-414D-8CFF-CBF5213B6313} = {74F128A5-8F24-41A7-B2EC-CB3FFAB0E22F}
		{DBAC908E-1781-40FE-B7E5-2A869E4C322C} = {B3A8AF83-1A97-480B-B1B6-DB5DBE9EAE49}
		{F37D2C8E-088E-4031-9A50-9A0E9B39F823} = {B3A8AF83-1A97-480B-B1B6-DB5DBE9EAE49}
	EndGlobalSection
	GlobalSection(ExtensibilityGlobals) = postSolution
		SolutionGuid = {9D11BBEA-1718-4813-A6B9-2D68BB55EC06}
	EndGlobalSection
	GlobalSection(SharedMSBuildProjectFiles) = preSolution
		..\..\..\ZRQ.UI\ZRQ.UI.Share\ZRQ.UI.Share.projitems*{dbac908e-1781-40fe-b7e5-2a869e4c322c}*SharedItemsImports = 13
		..\..\..\ZRQ.UI\ZRQ.UI.Share\ZRQ.UI.Share.projitems*{f37d2c8e-088e-4031-9a50-9a0e9b39f823}*SharedItemsImports = 5
	EndGlobalSection
EndGlobal
